
Microsoft Visual Studio Solution File, Format Version 12.00
# Visual Studio 15
VisualStudioVersion = 15.0.28307.852
MinimumVisualStudioVersion = 10.0.40219.1
Project("{FAE04EC0-301F-11D3-BF4B-00C04F79EFBC}") = "BlogMvsApp", "BlogMvsApp\BlogMvsApp.csproj", "{2766665B-82B2-4AA1-B550-671543E4F042}"
EndProject
Global
	GlobalSection(SolutionConfigurationPlatforms) = preSolution
		Debug|Any CPU = Debug|Any CPU
		Release|Any CPU = Release|Any CPU
	EndGlobalSection
	GlobalSection(ProjectConfigurationPlatforms) = postSolution
		{2766665B-82B2-4AA1-B550-671543E4F042}.Debug|Any CPU.ActiveCfg = Debug|Any CPU
		{2766665B-82B2-4AA1-B550-671543E4F042}.Debug|Any CPU.Build.0 = Debug|Any CPU
		{2766665B-82B2-4AA1-B550-671543E4F042}.Release|Any CPU.ActiveCfg = Release|Any CPU
		{2766665B-82B2-4AA1-B550-671543E4F042}.Release|Any CPU.Build.0 = Release|Any CPU
	EndGlobalSection
	GlobalSection(SolutionProperties) = preSolution
		HideSolutionNode = FALSE
	EndGlobalSection
	GlobalSection(ExtensibilityGlobals) = postSolution
		SolutionGuid = {ED41C327-C547-4B9B-AD9A-85E2FD87C8EB}
	EndGlobalSection
EndGlobal
